
Microsoft Visual Studio Solution File, Format Version 12.00
# Visual Studio Version 17
VisualStudioVersion = 17.10.35122.118
MinimumVisualStudioVersion = 10.0.40219.1
Project("{FAE04EC0-301F-11D3-BF4B-00C04F79EFBC}") = "WebScrape2025", "WebScrape2025.csproj", "{95A2B997-AEEE-487D-B37C-0DFF1A6CAD58}"
EndProject
Global
	GlobalSection(SolutionConfigurationPlatforms) = preSolution
		Debug|Any CPU = Debug|Any CPU
		Release|Any CPU = Release|Any CPU
	EndGlobalSection
	GlobalSection(ProjectConfigurationPlatforms) = postSolution
		{95A2B997-AEEE-487D-B37C-0DFF1A6CAD58}.Debug|Any CPU.ActiveCfg = Debug|Any CPU
		{95A2B997-AEEE-487D-B37C-0DFF1A6CAD58}.Debug|Any CPU.Build.0 = Debug|Any CPU
		{95A2B997-AEEE-487D-B37C-0DFF1A6CAD58}.Release|Any CPU.ActiveCfg = Release|Any CPU
		{95A2B997-AEEE-487D-B37C-0DFF1A6CAD58}.Release|Any CPU.Build.0 = Release|Any CPU
	EndGlobalSection
	GlobalSection(SolutionProperties) = preSolution
		HideSolutionNode = FALSE
	EndGlobalSection
	GlobalSection(ExtensibilityGlobals) = postSolution
		SolutionGuid = {E0170167-A6DC-4E04-8AA5-39EC4D4DE686}
	EndGlobalSection
EndGlobal
